// !$*UTF8*$!
{
	archiveVersion = 1;
	classes = {
	};
	objectVersion = 51;
	objects = {

/* Begin PBXBuildFile section */
		B320BD6526F1A2F400421D2B /* StorageTests.swift in Sources */ = {isa = PBXBuildFile; fileRef = B320BD6426F1A2F400421D2B /* StorageTests.swift */; };
		B32401C826BA19D800102998 /* AppDelegate.swift in Sources */ = {isa = PBXBuildFile; fileRef = B32401C726BA19D800102998 /* AppDelegate.swift */; };
		B32401CA26BA19D800102998 /* SceneDelegate.swift in Sources */ = {isa = PBXBuildFile; fileRef = B32401C926BA19D800102998 /* SceneDelegate.swift */; };
		B32401D126BA19DA00102998 /* Assets.xcassets in Resources */ = {isa = PBXBuildFile; fileRef = B32401D026BA19DA00102998 /* Assets.xcassets */; };
		B32401D426BA19DA00102998 /* LaunchScreen.storyboard in Resources */ = {isa = PBXBuildFile; fileRef = B32401D226BA19DA00102998 /* LaunchScreen.storyboard */; };
		B341297226C2331D000A1ED2 /* Extensions.swift in Sources */ = {isa = PBXBuildFile; fileRef = B341297126C2331D000A1ED2 /* Extensions.swift */; };
		B3445952986B70F749C59079 /* Pods_Contacts.framework in Frameworks */ = {isa = PBXBuildFile; fileRef = 72CE4498139C45CBE13B0527 /* Pods_Contacts.framework */; };
		B35B5FB626BB8FC80067C8DA /* Networking.swift in Sources */ = {isa = PBXBuildFile; fileRef = B35B5FB526BB8FC80067C8DA /* Networking.swift */; };
		B36C566C26BDA0D100594EED /* Constants.swift in Sources */ = {isa = PBXBuildFile; fileRef = B36C566B26BDA0D100594EED /* Constants.swift */; };
		B3728AAD2751385C00D005D3 /* ContactsVM.swift in Sources */ = {isa = PBXBuildFile; fileRef = B3728AAC2751385C00D005D3 /* ContactsVM.swift */; };
		B3728AAF2751387B00D005D3 /* ContactDetailVM.swift in Sources */ = {isa = PBXBuildFile; fileRef = B3728AAE2751387B00D005D3 /* ContactDetailVM.swift */; };
		B3728AB1275138C400D005D3 /* ContactsModel.swift in Sources */ = {isa = PBXBuildFile; fileRef = B3728AB0275138C400D005D3 /* ContactsModel.swift */; };
		B3758FFE27501981000429E5 /* ContactsVC.swift in Sources */ = {isa = PBXBuildFile; fileRef = B3758FFD27501981000429E5 /* ContactsVC.swift */; };
		B3759000275019E6000429E5 /* Contacts.storyboard in Resources */ = {isa = PBXBuildFile; fileRef = B3758FFF275019E6000429E5 /* Contacts.storyboard */; };
		B375902227502AD9000429E5 /* ContactDetail.storyboard in Resources */ = {isa = PBXBuildFile; fileRef = B375902127502AD9000429E5 /* ContactDetail.storyboard */; };
		B375902427502B01000429E5 /* ContactDetailVC.swift in Sources */ = {isa = PBXBuildFile; fileRef = B375902327502B01000429E5 /* ContactDetailVC.swift */; };
		B375902727502DB5000429E5 /* ContactCell.swift in Sources */ = {isa = PBXBuildFile; fileRef = B375902527502DB5000429E5 /* ContactCell.swift */; };
		B375902827502DB5000429E5 /* ContactCell.xib in Resources */ = {isa = PBXBuildFile; fileRef = B375902627502DB5000429E5 /* ContactCell.xib */; };
		B375902B27505318000429E5 /* InfoDetailCell.swift in Sources */ = {isa = PBXBuildFile; fileRef = B375902927505318000429E5 /* InfoDetailCell.swift */; };
		B375902C27505318000429E5 /* InfoDetailCell.xib in Resources */ = {isa = PBXBuildFile; fileRef = B375902A27505318000429E5 /* InfoDetailCell.xib */; };
		B39EA20126F2415B00F5AE25 /* NetworkingTests.swift in Sources */ = {isa = PBXBuildFile; fileRef = B39EA20026F2415B00F5AE25 /* NetworkingTests.swift */; };
		D7F42A7E0899EC1674B5334B /* Pods_ContactsTests.framework in Frameworks */ = {isa = PBXBuildFile; fileRef = CA20929AA6358044ECBFA5C1 /* Pods_ContactsTests.framework */; };
/* End PBXBuildFile section */

/* Begin PBXContainerItemProxy section */
		B320BD5F26F1A2CC00421D2B /* PBXContainerItemProxy */ = {
			isa = PBXContainerItemProxy;
			containerPortal = B32401BC26BA19D800102998 /* Project object */;
			proxyType = 1;
			remoteGlobalIDString = B32401C326BA19D800102998;
			remoteInfo = Contacts;
		};
/* End PBXContainerItemProxy section */

/* Begin PBXFileReference section */
		11E76126F392D82B530E77C8 /* Pods-ContactsTests.release.xcconfig */ = {isa = PBXFileReference; includeInIndex = 1; lastKnownFileType = text.xcconfig; name = "Pods-ContactsTests.release.xcconfig"; path = "Target Support Files/Pods-ContactsTests/Pods-ContactsTests.release.xcconfig"; sourceTree = "<group>"; };
		72CE4498139C45CBE13B0527 /* Pods_Contacts.framework */ = {isa = PBXFileReference; explicitFileType = wrapper.framework; includeInIndex = 0; path = Pods_Contacts.framework; sourceTree = BUILT_PRODUCTS_DIR; };
		785CDAC149232E46A28ABA86 /* Pods-ContactsTests.debug.xcconfig */ = {isa = PBXFileReference; includeInIndex = 1; lastKnownFileType = text.xcconfig; name = "Pods-ContactsTests.debug.xcconfig"; path = "Target Support Files/Pods-ContactsTests/Pods-ContactsTests.debug.xcconfig"; sourceTree = "<group>"; };
		A610132C8CC4CB8207D74987 /* Pods-Contacts.release.xcconfig */ = {isa = PBXFileReference; includeInIndex = 1; lastKnownFileType = text.xcconfig; name = "Pods-Contacts.release.xcconfig"; path = "Target Support Files/Pods-Contacts/Pods-Contacts.release.xcconfig"; sourceTree = "<group>"; };
		B320BD5A26F1A2CC00421D2B /* ContactsTests.xctest */ = {isa = PBXFileReference; explicitFileType = wrapper.cfbundle; includeInIndex = 0; path = ContactsTests.xctest; sourceTree = BUILT_PRODUCTS_DIR; };
		B320BD5E26F1A2CC00421D2B /* Info.plist */ = {isa = PBXFileReference; lastKnownFileType = text.plist.xml; path = Info.plist; sourceTree = "<group>"; };
		B320BD6426F1A2F400421D2B /* StorageTests.swift */ = {isa = PBXFileReference; lastKnownFileType = sourcecode.swift; path = StorageTests.swift; sourceTree = "<group>"; };
		B32401C426BA19D800102998 /* Contacts.app */ = {isa = PBXFileReference; explicitFileType = wrapper.application; includeInIndex = 0; path = Contacts.app; sourceTree = BUILT_PRODUCTS_DIR; };
		B32401C726BA19D800102998 /* AppDelegate.swift */ = {isa = PBXFileReference; lastKnownFileType = sourcecode.swift; path = AppDelegate.swift; sourceTree = "<group>"; };
		B32401C926BA19D800102998 /* SceneDelegate.swift */ = {isa = PBXFileReference; lastKnownFileType = sourcecode.swift; path = SceneDelegate.swift; sourceTree = "<group>"; };
		B32401D026BA19DA00102998 /* Assets.xcassets */ = {isa = PBXFileReference; lastKnownFileType = folder.assetcatalog; path = Assets.xcassets; sourceTree = "<group>"; };
		B32401D326BA19DA00102998 /* Base */ = {isa = PBXFileReference; lastKnownFileType = file.storyboard; name = Base; path = Base.lproj/LaunchScreen.storyboard; sourceTree = "<group>"; };
		B32401D526BA19DA00102998 /* Info.plist */ = {isa = PBXFileReference; lastKnownFileType = text.plist.xml; path = Info.plist; sourceTree = "<group>"; };
		B341297126C2331D000A1ED2 /* Extensions.swift */ = {isa = PBXFileReference; lastKnownFileType = sourcecode.swift; path = Extensions.swift; sourceTree = "<group>"; };
		B35B5FB526BB8FC80067C8DA /* Networking.swift */ = {isa = PBXFileReference; lastKnownFileType = sourcecode.swift; path = Networking.swift; sourceTree = "<group>"; };
		B36C566B26BDA0D100594EED /* Constants.swift */ = {isa = PBXFileReference; lastKnownFileType = sourcecode.swift; path = Constants.swift; sourceTree = "<group>"; };
		B3728AAC2751385C00D005D3 /* ContactsVM.swift */ = {isa = PBXFileReference; lastKnownFileType = sourcecode.swift; path = ContactsVM.swift; sourceTree = "<group>"; };
		B3728AAE2751387B00D005D3 /* ContactDetailVM.swift */ = {isa = PBXFileReference; lastKnownFileType = sourcecode.swift; path = ContactDetailVM.swift; sourceTree = "<group>"; };
		B3728AB0275138C400D005D3 /* ContactsModel.swift */ = {isa = PBXFileReference; lastKnownFileType = sourcecode.swift; path = ContactsModel.swift; sourceTree = "<group>"; };
		B3758FFD27501981000429E5 /* ContactsVC.swift */ = {isa = PBXFileReference; lastKnownFileType = sourcecode.swift; name = ContactsVC.swift; path = Contacts/Controllers/ContactsVC.swift; sourceTree = SOURCE_ROOT; };
		B3758FFF275019E6000429E5 /* Contacts.storyboard */ = {isa = PBXFileReference; lastKnownFileType = file.storyboard; path = Contacts.storyboard; sourceTree = "<group>"; };
		B375902127502AD9000429E5 /* ContactDetail.storyboard */ = {isa = PBXFileReference; lastKnownFileType = file.storyboard; path = ContactDetail.storyboard; sourceTree = "<group>"; };
		B375902327502B01000429E5 /* ContactDetailVC.swift */ = {isa = PBXFileReference; lastKnownFileType = sourcecode.swift; path = ContactDetailVC.swift; sourceTree = "<group>"; };
		B375902527502DB5000429E5 /* ContactCell.swift */ = {isa = PBXFileReference; lastKnownFileType = sourcecode.swift; path = ContactCell.swift; sourceTree = "<group>"; };
		B375902627502DB5000429E5 /* ContactCell.xib */ = {isa = PBXFileReference; lastKnownFileType = file.xib; path = ContactCell.xib; sourceTree = "<group>"; };
		B375902927505318000429E5 /* InfoDetailCell.swift */ = {isa = PBXFileReference; lastKnownFileType = sourcecode.swift; path = InfoDetailCell.swift; sourceTree = "<group>"; };
		B375902A27505318000429E5 /* InfoDetailCell.xib */ = {isa = PBXFileReference; lastKnownFileType = file.xib; path = InfoDetailCell.xib; sourceTree = "<group>"; };
		B39EA20026F2415B00F5AE25 /* NetworkingTests.swift */ = {isa = PBXFileReference; lastKnownFileType = sourcecode.swift; path = NetworkingTests.swift; sourceTree = "<group>"; };
		C2C93811C0CAA75646345CEB /* Pods-Contacts.debug.xcconfig */ = {isa = PBXFileReference; includeInIndex = 1; lastKnownFileType = text.xcconfig; name = "Pods-Contacts.debug.xcconfig"; path = "Target Support Files/Pods-Contacts/Pods-Contacts.debug.xcconfig"; sourceTree = "<group>"; };
		CA20929AA6358044ECBFA5C1 /* Pods_ContactsTests.framework */ = {isa = PBXFileReference; explicitFileType = wrapper.framework; includeInIndex = 0; path = Pods_ContactsTests.framework; sourceTree = BUILT_PRODUCTS_DIR; };
/* End PBXFileReference section */

/* Begin PBXFrameworksBuildPhase section */
		B320BD5726F1A2CC00421D2B /* Frameworks */ = {
			isa = PBXFrameworksBuildPhase;
			buildActionMask = 2147483647;
			files = (
				D7F42A7E0899EC1674B5334B /* Pods_ContactsTests.framework in Frameworks */,
			);
			runOnlyForDeploymentPostprocessing = 0;
		};
		B32401C126BA19D800102998 /* Frameworks */ = {
			isa = PBXFrameworksBuildPhase;
			buildActionMask = 2147483647;
			files = (
				B3445952986B70F749C59079 /* Pods_Contacts.framework in Frameworks */,
			);
			runOnlyForDeploymentPostprocessing = 0;
		};
/* End PBXFrameworksBuildPhase section */

/* Begin PBXGroup section */
		B301BE3626C0CA28009C9F11 /* Cells */ = {
			isa = PBXGroup;
			children = (
				B375902927505318000429E5 /* InfoDetailCell.swift */,
				B375902527502DB5000429E5 /* ContactCell.swift */,
			);
			path = Cells;
			sourceTree = "<group>";
		};
		B320BD5B26F1A2CC00421D2B /* ContactsTests */ = {
			isa = PBXGroup;
			children = (
				B320BD5E26F1A2CC00421D2B /* Info.plist */,
				B320BD6426F1A2F400421D2B /* StorageTests.swift */,
				B39EA20026F2415B00F5AE25 /* NetworkingTests.swift */,
			);
			path = ContactsTests;
			sourceTree = "<group>";
		};
		B32401BB26BA19D800102998 = {
			isa = PBXGroup;
			children = (
				B32401C626BA19D800102998 /* Contacts */,
				B320BD5B26F1A2CC00421D2B /* ContactsTests */,
				B32401C526BA19D800102998 /* Products */,
				EC5FD4A81F1B7A80DB833773 /* Pods */,
				CF4B358B18EC3278452CC3E1 /* Frameworks */,
			);
			sourceTree = "<group>";
		};
		B32401C526BA19D800102998 /* Products */ = {
			isa = PBXGroup;
			children = (
				B32401C426BA19D800102998 /* Contacts.app */,
				B320BD5A26F1A2CC00421D2B /* ContactsTests.xctest */,
			);
			name = Products;
			sourceTree = "<group>";
		};
		B32401C626BA19D800102998 /* Contacts */ = {
			isa = PBXGroup;
			children = (
				B32401FD26BA454000102998 /* Resources */,
				B32401FC26BA453300102998 /* Controllers */,
				B32401FB26BA448C00102998 /* Utils */,
				B32401FA26BA448200102998 /* View Model */,
				B32401F926BA447E00102998 /* View */,
				B32401F726BA446200102998 /* Model */,
				B32401D026BA19DA00102998 /* Assets.xcassets */,
			);
			path = Contacts;
			sourceTree = "<group>";
		};
		B32401F726BA446200102998 /* Model */ = {
			isa = PBXGroup;
			children = (
				B3728AB0275138C400D005D3 /* ContactsModel.swift */,
			);
			path = Model;
			sourceTree = "<group>";
		};
		B32401F926BA447E00102998 /* View */ = {
			isa = PBXGroup;
			children = (
				B32401FE26BA492F00102998 /* Cells */,
				B32401D226BA19DA00102998 /* LaunchScreen.storyboard */,
				B3758FFF275019E6000429E5 /* Contacts.storyboard */,
				B375902127502AD9000429E5 /* ContactDetail.storyboard */,
			);
			path = View;
			sourceTree = "<group>";
		};
		B32401FA26BA448200102998 /* View Model */ = {
			isa = PBXGroup;
			children = (
				B3728AAC2751385C00D005D3 /* ContactsVM.swift */,
				B3728AAE2751387B00D005D3 /* ContactDetailVM.swift */,
			);
			path = "View Model";
			sourceTree = "<group>";
		};
		B32401FB26BA448C00102998 /* Utils */ = {
			isa = PBXGroup;
			children = (
				B35B5FB526BB8FC80067C8DA /* Networking.swift */,
				B36C566B26BDA0D100594EED /* Constants.swift */,
				B341297126C2331D000A1ED2 /* Extensions.swift */,
			);
			path = Utils;
			sourceTree = "<group>";
		};
		B32401FC26BA453300102998 /* Controllers */ = {
			isa = PBXGroup;
			children = (
				B301BE3626C0CA28009C9F11 /* Cells */,
				B3758FFD27501981000429E5 /* ContactsVC.swift */,
				B375902327502B01000429E5 /* ContactDetailVC.swift */,
			);
			path = Controllers;
			sourceTree = "<group>";
		};
		B32401FD26BA454000102998 /* Resources */ = {
			isa = PBXGroup;
			children = (
				B32401C926BA19D800102998 /* SceneDelegate.swift */,
				B32401C726BA19D800102998 /* AppDelegate.swift */,
				B32401D526BA19DA00102998 /* Info.plist */,
			);
			path = Resources;
			sourceTree = "<group>";
		};
		B32401FE26BA492F00102998 /* Cells */ = {
			isa = PBXGroup;
			children = (
				B375902627502DB5000429E5 /* ContactCell.xib */,
				B375902A27505318000429E5 /* InfoDetailCell.xib */,
			);
			path = Cells;
			sourceTree = "<group>";
		};
		CF4B358B18EC3278452CC3E1 /* Frameworks */ = {
			isa = PBXGroup;
			children = (
				72CE4498139C45CBE13B0527 /* Pods_Contacts.framework */,
				CA20929AA6358044ECBFA5C1 /* Pods_ContactsTests.framework */,
			);
			name = Frameworks;
			sourceTree = "<group>";
		};
		EC5FD4A81F1B7A80DB833773 /* Pods */ = {
			isa = PBXGroup;
			children = (
				C2C93811C0CAA75646345CEB /* Pods-Contacts.debug.xcconfig */,
				A610132C8CC4CB8207D74987 /* Pods-Contacts.release.xcconfig */,
				785CDAC149232E46A28ABA86 /* Pods-ContactsTests.debug.xcconfig */,
				11E76126F392D82B530E77C8 /* Pods-ContactsTests.release.xcconfig */,
			);
			path = Pods;
			sourceTree = "<group>";
		};
/* End PBXGroup section */

/* Begin PBXNativeTarget section */
		B320BD5926F1A2CC00421D2B /* ContactsTests */ = {
			isa = PBXNativeTarget;
			buildConfigurationList = B320BD6126F1A2CC00421D2B /* Build configuration list for PBXNativeTarget "ContactsTests" */;
			buildPhases = (
				EED7DCA7E3CC202A5A682DF4 /* [CP] Check Pods Manifest.lock */,
				B320BD5626F1A2CC00421D2B /* Sources */,
				B320BD5726F1A2CC00421D2B /* Frameworks */,
				B320BD5826F1A2CC00421D2B /* Resources */,
			);
			buildRules = (
			);
			dependencies = (
				B320BD6026F1A2CC00421D2B /* PBXTargetDependency */,
			);
			name = ContactsTests;
			productName = ContactsTests;
			productReference = B320BD5A26F1A2CC00421D2B /* ContactsTests.xctest */;
			productType = "com.apple.product-type.bundle.unit-test";
		};
		B32401C326BA19D800102998 /* Contacts */ = {
			isa = PBXNativeTarget;
			buildConfigurationList = B32401EE26BA19DA00102998 /* Build configuration list for PBXNativeTarget "Contacts" */;
			buildPhases = (
				74612F1F0145F737B0DEC1F4 /* [CP] Check Pods Manifest.lock */,
				B32401C026BA19D800102998 /* Sources */,
				B32401C126BA19D800102998 /* Frameworks */,
				B32401C226BA19D800102998 /* Resources */,
				3A1E33831F8BDC06C7E49319 /* [CP] Embed Pods Frameworks */,
			);
			buildRules = (
			);
			dependencies = (
			);
			name = Contacts;
			productName = iBuy;
			productReference = B32401C426BA19D800102998 /* Contacts.app */;
			productType = "com.apple.product-type.application";
		};
/* End PBXNativeTarget section */

/* Begin PBXProject section */
		B32401BC26BA19D800102998 /* Project object */ = {
			isa = PBXProject;
			attributes = {
				LastSwiftUpdateCheck = 1250;
				LastUpgradeCheck = 1250;
				TargetAttributes = {
					B320BD5926F1A2CC00421D2B = {
						CreatedOnToolsVersion = 12.5.1;
						TestTargetID = B32401C326BA19D800102998;
					};
					B32401C326BA19D800102998 = {
						CreatedOnToolsVersion = 12.5.1;
					};
				};
			};
			buildConfigurationList = B32401BF26BA19D800102998 /* Build configuration list for PBXProject "Contacts" */;
			compatibilityVersion = "Xcode 9.3";
			developmentRegion = en;
			hasScannedForEncodings = 0;
			knownRegions = (
				en,
				Base,
			);
			mainGroup = B32401BB26BA19D800102998;
			productRefGroup = B32401C526BA19D800102998 /* Products */;
			projectDirPath = "";
			projectRoot = "";
			targets = (
				B32401C326BA19D800102998 /* Contacts */,
				B320BD5926F1A2CC00421D2B /* ContactsTests */,
			);
		};
/* End PBXProject section */

/* Begin PBXResourcesBuildPhase section */
		B320BD5826F1A2CC00421D2B /* Resources */ = {
			isa = PBXResourcesBuildPhase;
			buildActionMask = 2147483647;
			files = (
			);
			runOnlyForDeploymentPostprocessing = 0;
		};
		B32401C226BA19D800102998 /* Resources */ = {
			isa = PBXResourcesBuildPhase;
			buildActionMask = 2147483647;
			files = (
				B3759000275019E6000429E5 /* Contacts.storyboard in Resources */,
				B32401D426BA19DA00102998 /* LaunchScreen.storyboard in Resources */,
				B375902227502AD9000429E5 /* ContactDetail.storyboard in Resources */,
				B375902827502DB5000429E5 /* ContactCell.xib in Resources */,
				B375902C27505318000429E5 /* InfoDetailCell.xib in Resources */,
				B32401D126BA19DA00102998 /* Assets.xcassets in Resources */,
			);
			runOnlyForDeploymentPostprocessing = 0;
		};
/* End PBXResourcesBuildPhase section */

/* Begin PBXShellScriptBuildPhase section */
		3A1E33831F8BDC06C7E49319 /* [CP] Embed Pods Frameworks */ = {
			isa = PBXShellScriptBuildPhase;
			buildActionMask = 2147483647;
			files = (
			);
			inputFileListPaths = (
				"${PODS_ROOT}/Target Support Files/Pods-Contacts/Pods-Contacts-frameworks-${CONFIGURATION}-input-files.xcfilelist",
			);
			name = "[CP] Embed Pods Frameworks";
			outputFileListPaths = (
				"${PODS_ROOT}/Target Support Files/Pods-Contacts/Pods-Contacts-frameworks-${CONFIGURATION}-output-files.xcfilelist",
			);
			runOnlyForDeploymentPostprocessing = 0;
			shellPath = /bin/sh;
			shellScript = "\"${PODS_ROOT}/Target Support Files/Pods-Contacts/Pods-Contacts-frameworks.sh\"\n";
			showEnvVarsInLog = 0;
		};
		74612F1F0145F737B0DEC1F4 /* [CP] Check Pods Manifest.lock */ = {
			isa = PBXShellScriptBuildPhase;
			buildActionMask = 2147483647;
			files = (
			);
			inputFileListPaths = (
			);
			inputPaths = (
				"${PODS_PODFILE_DIR_PATH}/Podfile.lock",
				"${PODS_ROOT}/Manifest.lock",
			);
			name = "[CP] Check Pods Manifest.lock";
			outputFileListPaths = (
			);
			outputPaths = (
				"$(DERIVED_FILE_DIR)/Pods-Contacts-checkManifestLockResult.txt",
			);
			runOnlyForDeploymentPostprocessing = 0;
			shellPath = /bin/sh;
			shellScript = "diff \"${PODS_PODFILE_DIR_PATH}/Podfile.lock\" \"${PODS_ROOT}/Manifest.lock\" > /dev/null\nif [ $? != 0 ] ; then\n    # print error to STDERR\n    echo \"error: The sandbox is not in sync with the Podfile.lock. Run 'pod install' or update your CocoaPods installation.\" >&2\n    exit 1\nfi\n# This output is used by Xcode 'outputs' to avoid re-running this script phase.\necho \"SUCCESS\" > \"${SCRIPT_OUTPUT_FILE_0}\"\n";
			showEnvVarsInLog = 0;
		};
		EED7DCA7E3CC202A5A682DF4 /* [CP] Check Pods Manifest.lock */ = {
			isa = PBXShellScriptBuildPhase;
			buildActionMask = 2147483647;
			files = (
			);
			inputFileListPaths = (
			);
			inputPaths = (
				"${PODS_PODFILE_DIR_PATH}/Podfile.lock",
				"${PODS_ROOT}/Manifest.lock",
			);
			name = "[CP] Check Pods Manifest.lock";
			outputFileListPaths = (
			);
			outputPaths = (
				"$(DERIVED_FILE_DIR)/Pods-ContactsTests-checkManifestLockResult.txt",
			);
			runOnlyForDeploymentPostprocessing = 0;
			shellPath = /bin/sh;
			shellScript = "diff \"${PODS_PODFILE_DIR_PATH}/Podfile.lock\" \"${PODS_ROOT}/Manifest.lock\" > /dev/null\nif [ $? != 0 ] ; then\n    # print error to STDERR\n    echo \"error: The sandbox is not in sync with the Podfile.lock. Run 'pod install' or update your CocoaPods installation.\" >&2\n    exit 1\nfi\n# This output is used by Xcode 'outputs' to avoid re-running this script phase.\necho \"SUCCESS\" > \"${SCRIPT_OUTPUT_FILE_0}\"\n";
			showEnvVarsInLog = 0;
		};
/* End PBXShellScriptBuildPhase section */

/* Begin PBXSourcesBuildPhase section */
		B320BD5626F1A2CC00421D2B /* Sources */ = {
			isa = PBXSourcesBuildPhase;
			buildActionMask = 2147483647;
			files = (
				B320BD6526F1A2F400421D2B /* StorageTests.swift in Sources */,
				B39EA20126F2415B00F5AE25 /* NetworkingTests.swift in Sources */,
			);
			runOnlyForDeploymentPostprocessing = 0;
		};
		B32401C026BA19D800102998 /* Sources */ = {
			isa = PBXSourcesBuildPhase;
			buildActionMask = 2147483647;
			files = (
				B375902727502DB5000429E5 /* ContactCell.swift in Sources */,
				B3728AAF2751387B00D005D3 /* ContactDetailVM.swift in Sources */,
				B32401C826BA19D800102998 /* AppDelegate.swift in Sources */,
				B3758FFE27501981000429E5 /* ContactsVC.swift in Sources */,
				B3728AAD2751385C00D005D3 /* ContactsVM.swift in Sources */,
				B375902B27505318000429E5 /* InfoDetailCell.swift in Sources */,
				B32401CA26BA19D800102998 /* SceneDelegate.swift in Sources */,
				B341297226C2331D000A1ED2 /* Extensions.swift in Sources */,
				B35B5FB626BB8FC80067C8DA /* Networking.swift in Sources */,
				B36C566C26BDA0D100594EED /* Constants.swift in Sources */,
				B3728AB1275138C400D005D3 /* ContactsModel.swift in Sources */,
				B375902427502B01000429E5 /* ContactDetailVC.swift in Sources */,
			);
			runOnlyForDeploymentPostprocessing = 0;
		};
/* End PBXSourcesBuildPhase section */

/* Begin PBXTargetDependency section */
		B320BD6026F1A2CC00421D2B /* PBXTargetDependency */ = {
			isa = PBXTargetDependency;
			target = B32401C326BA19D800102998 /* Contacts */;
			targetProxy = B320BD5F26F1A2CC00421D2B /* PBXContainerItemProxy */;
		};
/* End PBXTargetDependency section */

/* Begin PBXVariantGroup section */
		B32401D226BA19DA00102998 /* LaunchScreen.storyboard */ = {
			isa = PBXVariantGroup;
			children = (
				B32401D326BA19DA00102998 /* Base */,
			);
			name = LaunchScreen.storyboard;
			sourceTree = "<group>";
		};
/* End PBXVariantGroup section */

/* Begin XCBuildConfiguration section */
		B320BD6226F1A2CC00421D2B /* Debug */ = {
			isa = XCBuildConfiguration;
			baseConfigurationReference = 785CDAC149232E46A28ABA86 /* Pods-ContactsTests.debug.xcconfig */;
			buildSettings = {
				BUNDLE_LOADER = "$(TEST_HOST)";
				CODE_SIGN_STYLE = Automatic;
				DEVELOPMENT_TEAM = 55A9S3T6KC;
				INFOPLIST_FILE = ContactsTests/Info.plist;
				LD_RUNPATH_SEARCH_PATHS = (
					"$(inherited)",
					"@executable_path/Frameworks",
					"@loader_path/Frameworks",
				);
				PRODUCT_BUNDLE_IDENTIFIER = com.pokeapi.ContactsTests;
				PRODUCT_NAME = "$(TARGET_NAME)";
				SWIFT_VERSION = 5.0;
				TARGETED_DEVICE_FAMILY = "1,2";
				TEST_HOST = "$(BUILT_PRODUCTS_DIR)/Contacts.app/Contacts";
			};
			name = Debug;
		};
		B320BD6326F1A2CC00421D2B /* Release */ = {
			isa = XCBuildConfiguration;
			baseConfigurationReference = 11E76126F392D82B530E77C8 /* Pods-ContactsTests.release.xcconfig */;
			buildSettings = {
				BUNDLE_LOADER = "$(TEST_HOST)";
				CODE_SIGN_STYLE = Automatic;
				DEVELOPMENT_TEAM = 55A9S3T6KC;
				INFOPLIST_FILE = ContactsTests/Info.plist;
				LD_RUNPATH_SEARCH_PATHS = (
					"$(inherited)",
					"@executable_path/Frameworks",
					"@loader_path/Frameworks",
				);
				PRODUCT_BUNDLE_IDENTIFIER = com.pokeapi.ContactsTests;
				PRODUCT_NAME = "$(TARGET_NAME)";
				SWIFT_VERSION = 5.0;
				TARGETED_DEVICE_FAMILY = "1,2";
				TEST_HOST = "$(BUILT_PRODUCTS_DIR)/Contacts.app/Contacts";
			};
			name = Release;
		};
		B32401EC26BA19DA00102998 /* Debug */ = {
			isa = XCBuildConfiguration;
			buildSettings = {
				ALWAYS_SEARCH_USER_PATHS = NO;
				CLANG_ANALYZER_NONNULL = YES;
				CLANG_ANALYZER_NUMBER_OBJECT_CONVERSION = YES_AGGRESSIVE;
				CLANG_CXX_LANGUAGE_STANDARD = "gnu++14";
				CLANG_CXX_LIBRARY = "libc++";
				CLANG_ENABLE_MODULES = YES;
				CLANG_ENABLE_OBJC_ARC = YES;
				CLANG_ENABLE_OBJC_WEAK = YES;
				CLANG_WARN_BLOCK_CAPTURE_AUTORELEASING = YES;
				CLANG_WARN_BOOL_CONVERSION = YES;
				CLANG_WARN_COMMA = YES;
				CLANG_WARN_CONSTANT_CONVERSION = YES;
				CLANG_WARN_DEPRECATED_OBJC_IMPLEMENTATIONS = YES;
				CLANG_WARN_DIRECT_OBJC_ISA_USAGE = YES_ERROR;
				CLANG_WARN_DOCUMENTATION_COMMENTS = YES;
				CLANG_WARN_EMPTY_BODY = YES;
				CLANG_WARN_ENUM_CONVERSION = YES;
				CLANG_WARN_INFINITE_RECURSION = YES;
				CLANG_WARN_INT_CONVERSION = YES;
				CLANG_WARN_NON_LITERAL_NULL_CONVERSION = YES;
				CLANG_WARN_OBJC_IMPLICIT_RETAIN_SELF = YES;
				CLANG_WARN_OBJC_LITERAL_CONVERSION = YES;
				CLANG_WARN_OBJC_ROOT_CLASS = YES_ERROR;
				CLANG_WARN_QUOTED_INCLUDE_IN_FRAMEWORK_HEADER = YES;
				CLANG_WARN_RANGE_LOOP_ANALYSIS = YES;
				CLANG_WARN_STRICT_PROTOTYPES = YES;
				CLANG_WARN_SUSPICIOUS_MOVE = YES;
				CLANG_WARN_UNGUARDED_AVAILABILITY = YES_AGGRESSIVE;
				CLANG_WARN_UNREACHABLE_CODE = YES;
				CLANG_WARN__DUPLICATE_METHOD_MATCH = YES;
				COPY_PHASE_STRIP = NO;
				DEBUG_INFORMATION_FORMAT = dwarf;
				ENABLE_STRICT_OBJC_MSGSEND = YES;
				ENABLE_TESTABILITY = YES;
				GCC_C_LANGUAGE_STANDARD = gnu11;
				GCC_DYNAMIC_NO_PIC = NO;
				GCC_NO_COMMON_BLOCKS = YES;
				GCC_OPTIMIZATION_LEVEL = 0;
				GCC_PREPROCESSOR_DEFINITIONS = (
					"DEBUG=1",
					"$(inherited)",
				);
				GCC_WARN_64_TO_32_BIT_CONVERSION = YES;
				GCC_WARN_ABOUT_RETURN_TYPE = YES_ERROR;
				GCC_WARN_UNDECLARED_SELECTOR = YES;
				GCC_WARN_UNINITIALIZED_AUTOS = YES_AGGRESSIVE;
				GCC_WARN_UNUSED_FUNCTION = YES;
				GCC_WARN_UNUSED_VARIABLE = YES;
				IPHONEOS_DEPLOYMENT_TARGET = 14.5;
				MTL_ENABLE_DEBUG_INFO = INCLUDE_SOURCE;
				MTL_FAST_MATH = YES;
				ONLY_ACTIVE_ARCH = YES;
				SDKROOT = iphoneos;
				SWIFT_ACTIVE_COMPILATION_CONDITIONS = DEBUG;
				SWIFT_OPTIMIZATION_LEVEL = "-Onone";
			};
			name = Debug;
		};
		B32401ED26BA19DA00102998 /* Release */ = {
			isa = XCBuildConfiguration;
			buildSettings = {
				ALWAYS_SEARCH_USER_PATHS = NO;
				CLANG_ANALYZER_NONNULL = YES;
				CLANG_ANALYZER_NUMBER_OBJECT_CONVERSION = YES_AGGRESSIVE;
				CLANG_CXX_LANGUAGE_STANDARD = "gnu++14";
				CLANG_CXX_LIBRARY = "libc++";
				CLANG_ENABLE_MODULES = YES;
				CLANG_ENABLE_OBJC_ARC = YES;
				CLANG_ENABLE_OBJC_WEAK = YES;
				CLANG_WARN_BLOCK_CAPTURE_AUTORELEASING = YES;
				CLANG_WARN_BOOL_CONVERSION = YES;
				CLANG_WARN_COMMA = YES;
				CLANG_WARN_CONSTANT_CONVERSION = YES;
				CLANG_WARN_DEPRECATED_OBJC_IMPLEMENTATIONS = YES;
				CLANG_WARN_DIRECT_OBJC_ISA_USAGE = YES_ERROR;
				CLANG_WARN_DOCUMENTATION_COMMENTS = YES;
				CLANG_WARN_EMPTY_BODY = YES;
				CLANG_WARN_ENUM_CONVERSION = YES;
				CLANG_WARN_INFINITE_RECURSION = YES;
				CLANG_WARN_INT_CONVERSION = YES;
				CLANG_WARN_NON_LITERAL_NULL_CONVERSION = YES;
				CLANG_WARN_OBJC_IMPLICIT_RETAIN_SELF = YES;
				CLANG_WARN_OBJC_LITERAL_CONVERSION = YES;
				CLANG_WARN_OBJC_ROOT_CLASS = YES_ERROR;
				CLANG_WARN_QUOTED_INCLUDE_IN_FRAMEWORK_HEADER = YES;
				CLANG_WARN_RANGE_LOOP_ANALYSIS = YES;
				CLANG_WARN_STRICT_PROTOTYPES = YES;
				CLANG_WARN_SUSPICIOUS_MOVE = YES;
				CLANG_WARN_UNGUARDED_AVAILABILITY = YES_AGGRESSIVE;
				CLANG_WARN_UNREACHABLE_CODE = YES;
				CLANG_WARN__DUPLICATE_METHOD_MATCH = YES;
				COPY_PHASE_STRIP = NO;
				DEBUG_INFORMATION_FORMAT = "dwarf-with-dsym";
				ENABLE_NS_ASSERTIONS = NO;
				ENABLE_STRICT_OBJC_MSGSEND = YES;
				GCC_C_LANGUAGE_STANDARD = gnu11;
				GCC_NO_COMMON_BLOCKS = YES;
				GCC_WARN_64_TO_32_BIT_CONVERSION = YES;
				GCC_WARN_ABOUT_RETURN_TYPE = YES_ERROR;
				GCC_WARN_UNDECLARED_SELECTOR = YES;
				GCC_WARN_UNINITIALIZED_AUTOS = YES_AGGRESSIVE;
				GCC_WARN_UNUSED_FUNCTION = YES;
				GCC_WARN_UNUSED_VARIABLE = YES;
				IPHONEOS_DEPLOYMENT_TARGET = 14.5;
				MTL_ENABLE_DEBUG_INFO = NO;
				MTL_FAST_MATH = YES;
				SDKROOT = iphoneos;
				SWIFT_COMPILATION_MODE = wholemodule;
				SWIFT_OPTIMIZATION_LEVEL = "-O";
				VALIDATE_PRODUCT = YES;
			};
			name = Release;
		};
		B32401EF26BA19DA00102998 /* Debug */ = {
			isa = XCBuildConfiguration;
			baseConfigurationReference = C2C93811C0CAA75646345CEB /* Pods-Contacts.debug.xcconfig */;
			buildSettings = {
				ASSETCATALOG_COMPILER_APPICON_NAME = AppIcon;
				ASSETCATALOG_COMPILER_GLOBAL_ACCENT_COLOR_NAME = AccentColor;
				CODE_SIGN_STYLE = Automatic;
				DEVELOPMENT_TEAM = 55A9S3T6KC;
				INFOPLIST_FILE = Contacts/Resources/Info.plist;
				IPHONEOS_DEPLOYMENT_TARGET = 13.0;
				LD_RUNPATH_SEARCH_PATHS = (
					"$(inherited)",
					"@executable_path/Frameworks",
				);
				PRODUCT_BUNDLE_IDENTIFIER = com.camilo.contacts;
				PRODUCT_NAME = "$(TARGET_NAME)";
				SWIFT_VERSION = 5.0;
				TARGETED_DEVICE_FAMILY = "1,2";
			};
			name = Debug;
		};
		B32401F026BA19DA00102998 /* Release */ = {
			isa = XCBuildConfiguration;
			baseConfigurationReference = A610132C8CC4CB8207D74987 /* Pods-Contacts.release.xcconfig */;
			buildSettings = {
				ASSETCATALOG_COMPILER_APPICON_NAME = AppIcon;
				ASSETCATALOG_COMPILER_GLOBAL_ACCENT_COLOR_NAME = AccentColor;
				CODE_SIGN_STYLE = Automatic;
				DEVELOPMENT_TEAM = 55A9S3T6KC;
				INFOPLIST_FILE = Contacts/Resources/Info.plist;
				IPHONEOS_DEPLOYMENT_TARGET = 13.0;
				LD_RUNPATH_SEARCH_PATHS = (
					"$(inherited)",
					"@executable_path/Frameworks",
				);
				PRODUCT_BUNDLE_IDENTIFIER = com.camilo.contacts;
				PRODUCT_NAME = "$(TARGET_NAME)";
				SWIFT_VERSION = 5.0;
				TARGETED_DEVICE_FAMILY = "1,2";
			};
			name = Release;
		};
/* End XCBuildConfiguration section */

/* Begin XCConfigurationList section */
		B320BD6126F1A2CC00421D2B /* Build configuration list for PBXNativeTarget "ContactsTests" */ = {
			isa = XCConfigurationList;
			buildConfigurations = (
				B320BD6226F1A2CC00421D2B /* Debug */,
				B320BD6326F1A2CC00421D2B /* Release */,
			);
			defaultConfigurationIsVisible = 0;
			defaultConfigurationName = Release;
		};
		B32401BF26BA19D800102998 /* Build configuration list for PBXProject "Contacts" */ = {
			isa = XCConfigurationList;
			buildConfigurations = (
				B32401EC26BA19DA00102998 /* Debug */,
				B32401ED26BA19DA00102998 /* Release */,
			);
			defaultConfigurationIsVisible = 0;
			defaultConfigurationName = Release;
		};
		B32401EE26BA19DA00102998 /* Build configuration list for PBXNativeTarget "Contacts" */ = {
			isa = XCConfigurationList;
			buildConfigurations = (
				B32401EF26BA19DA00102998 /* Debug */,
				B32401F026BA19DA00102998 /* Release */,
			);
			defaultConfigurationIsVisible = 0;
			defaultConfigurationName = Release;
		};
/* End XCConfigurationList section */
	};
	rootObject = B32401BC26BA19D800102998 /* Project object */;
}
